
Microsoft Visual Studio Solution File, Format Version 12.00
# Visual Studio Version 16
VisualStudioVersion = 16.0.32413.511
MinimumVisualStudioVersion = 10.0.40219.1
Project("{FAE04EC0-301F-11D3-BF4B-00C04F79EFBC}") = "Урок3.1", "Урок3.1\Урок3.1.csproj", "{2AA342C4-E44B-489A-BDEC-9C524881A489}"
EndProject
Global
	GlobalSection(SolutionConfigurationPlatforms) = preSolution
		Debug|Any CPU = Debug|Any CPU
		Release|Any CPU = Release|Any CPU
	EndGlobalSection
	GlobalSection(ProjectConfigurationPlatforms) = postSolution
		{2AA342C4-E44B-489A-BDEC-9C524881A489}.Debug|Any CPU.ActiveCfg = Debug|Any CPU
		{2AA342C4-E44B-489A-BDEC-9C524881A489}.Debug|Any CPU.Build.0 = Debug|Any CPU
		{2AA342C4-E44B-489A-BDEC-9C524881A489}.Release|Any CPU.ActiveCfg = Release|Any CPU
		{2AA342C4-E44B-489A-BDEC-9C524881A489}.Release|Any CPU.Build.0 = Release|Any CPU
	EndGlobalSection
	GlobalSection(SolutionProperties) = preSolution
		HideSolutionNode = FALSE
	EndGlobalSection
	GlobalSection(ExtensibilityGlobals) = postSolution
		SolutionGuid = {D17A73DF-9C72-4412-AB57-ADCB73223762}
	EndGlobalSection
EndGlobal
